
Microsoft Visual Studio Solution File, Format Version 12.00
# Visual Studio Version 17
VisualStudioVersion = 17.0.31903.59
MinimumVisualStudioVersion = 10.0.40219.1
Project("{2150E333-8FDC-42A3-9474-1A3956D46DE8}") = "code", "code", "{3146CEAE-B00D-4726-88F8-70499F33284F}"
EndProject
Project("{FAE04EC0-301F-11D3-BF4B-00C04F79EFBC}") = "iaccWeb", "code\iaccWeb\iaccWeb.csproj", "{AA468C21-7CB7-440E-8BE4-BBEC6EDBB10A}"
EndProject
Project("{FAE04EC0-301F-11D3-BF4B-00C04F79EFBC}") = "iaccApi", "code\iaccApi\iaccApi.csproj", "{2AB5C3F3-A43A-48FD-839E-F23D5813D25A}"
EndProject
Global
	GlobalSection(SolutionConfigurationPlatforms) = preSolution
		Debug|Any CPU = Debug|Any CPU
		Release|Any CPU = Release|Any CPU
	EndGlobalSection
	GlobalSection(SolutionProperties) = preSolution
		HideSolutionNode = FALSE
	EndGlobalSection
	GlobalSection(ProjectConfigurationPlatforms) = postSolution
		{AA468C21-7CB7-440E-8BE4-BBEC6EDBB10A}.Debug|Any CPU.ActiveCfg = Debug|Any CPU
		{AA468C21-7CB7-440E-8BE4-BBEC6EDBB10A}.Debug|Any CPU.Build.0 = Debug|Any CPU
		{AA468C21-7CB7-440E-8BE4-BBEC6EDBB10A}.Release|Any CPU.ActiveCfg = Release|Any CPU
		{AA468C21-7CB7-440E-8BE4-BBEC6EDBB10A}.Release|Any CPU.Build.0 = Release|Any CPU
		{2AB5C3F3-A43A-48FD-839E-F23D5813D25A}.Debug|Any CPU.ActiveCfg = Debug|Any CPU
		{2AB5C3F3-A43A-48FD-839E-F23D5813D25A}.Debug|Any CPU.Build.0 = Debug|Any CPU
		{2AB5C3F3-A43A-48FD-839E-F23D5813D25A}.Release|Any CPU.ActiveCfg = Release|Any CPU
		{2AB5C3F3-A43A-48FD-839E-F23D5813D25A}.Release|Any CPU.Build.0 = Release|Any CPU
	EndGlobalSection
	GlobalSection(NestedProjects) = preSolution
		{AA468C21-7CB7-440E-8BE4-BBEC6EDBB10A} = {3146CEAE-B00D-4726-88F8-70499F33284F}
		{2AB5C3F3-A43A-48FD-839E-F23D5813D25A} = {3146CEAE-B00D-4726-88F8-70499F33284F}
	EndGlobalSection
EndGlobal
